<?xml version="1.0" encoding="UTF-8"?>
<Scheme
   LastUpgradeVersion = "0810"
   version = "1.8">
   <BuildAction
      parallelizeBuildables = "YES"
      buildImplicitDependencies = "YES">
      <BuildActionEntries>
         <BuildActionEntry
            buildForTesting = "YES"
            buildForRunning = "YES"
            buildForProfiling = "YES"
            buildForArchiving = "YES"
            buildForAnalyzing = "YES">
            <BuildableReference
               BuildableIdentifier = "primary"
               BlueprintIdentifier = "8D57630D048677EA00EA77CD"
               BuildableName = "GCodeQuickLook.qlgenerator"
               BlueprintName = "GCodeQuickLook"
               ReferencedContainer = "container:GCodeQuickLook.xcodeproj">
            </BuildableReference>
         </BuildActionEntry>
      </BuildActionEntries>
   </BuildAction>
   <TestAction
      buildConfiguration = "Debug"
      selectedDebuggerIdentifier = "Xcode.DebuggerFoundation.Debugger.LLDB"
      selectedLauncherIdentifier = "Xcode.DebuggerFoundation.Launcher.GDB"
      shouldUseLaunchSchemeArgsEnv = "YES">
      <Testables>
      </Testables>
      <AdditionalOptions>
      </AdditionalOptions>
   </TestAction>
   <LaunchAction
      buildConfiguration = "Debug"
      selectedDebuggerIdentifier = "Xcode.DebuggerFoundation.Debugger.LLDB"
      selectedLauncherIdentifier = "Xcode.DebuggerFoundation.Launcher.LLDB"
      displayScaleIsEnabled = "NO"
      displayScale = "1.00"
      launchStyle = "0"
      useCustomWorkingDirectory = "NO"
      ignoresPersistentStateOnLaunch = "NO"
      debugDocumentVersioning = "YES"
      debugServiceExtension = "internal"
      allowLocationSimulation = "YES">
      <PathRunnable
         runnableDebuggingMode = "0"
         FilePath = "/System/Library/Frameworks/QuickLook.framework/Versions/A/Resources/quicklookd.app/Contents/MacOS/qlmanage">
      </PathRunnable>
      <MacroExpansion>
         <BuildableReference
            BuildableIdentifier = "primary"
            BlueprintIdentifier = "8D57630D048677EA00EA77CD"
            BuildableName = "GCodeQuickLook.qlgenerator"
            BlueprintName = "GCodeQuickLook"
            ReferencedContainer = "container:GCodeQuickLook.xcodeproj">
         </BuildableReference>
      </MacroExpansion>
      <CommandLineArguments>
         <CommandLineArgument
            argument = "-g ${BUILT_PRODUCTS_DIR}/${WRAPPER_NAME}"
            isEnabled = "YES">
         </CommandLineArgument>
         <CommandLineArgument
            argument = "-x"
            isEnabled = "YES">
         </CommandLineArgument>
         <CommandLineArgument
            argument = "-z"
            isEnabled = "NO">
         </CommandLineArgument>
         <CommandLineArgument
            argument = "-c com.pleasantsoftware.uti.gcode"
            isEnabled = "YES">
         </CommandLineArgument>
         <CommandLineArgument
            argument = "-t"
            isEnabled = "NO">
         </CommandLineArgument>
         <CommandLineArgument
            argument = "-i"
            isEnabled = "NO">
         </CommandLineArgument>
         <CommandLineArgument
            argument = "-s 512"
            isEnabled = "NO">
         </CommandLineArgument>
         <CommandLineArgument
            argument = "-p"
            isEnabled = "YES">
         </CommandLineArgument>
         <CommandLineArgument
            argument = "/Users/zaggo/Downloads/Arduino_Hall.gcode"
            isEnabled = "NO">
         </CommandLineArgument>
         <CommandLineArgument
            argument = "/Users/zaggo/Downloads/Power\ Jack\ Socket.gcode"
            isEnabled = "NO">
         </CommandLineArgument>
         <CommandLineArgument
            argument = "/Users/zaggo/Documents/Konstruktion/Notensta&#x308;nder/schraube-slw.gcode"
            isEnabled = "YES">
         </CommandLineArgument>
         <CommandLineArgument
            argument = "${PROJECT_DIR}/etc/sampleObject.gcode"
            isEnabled = "NO">
         </CommandLineArgument>
      </CommandLineArguments>
      <AdditionalOptions>
      </AdditionalOptions>
   </LaunchAction>
   <ProfileAction
      displayScaleIsEnabled = "NO"
      displayScale = "1.00"
      buildConfiguration = "Release"
      shouldUseLaunchSchemeArgsEnv = "YES"
      savedToolIdentifier = ""
      useCustomWorkingDirectory = "NO"
      debugDocumentVersioning = "YES">
   </ProfileAction>
   <AnalyzeAction
      buildConfiguration = "Debug">
   </AnalyzeAction>
   <ArchiveAction
      buildConfiguration = "Release"
      revealArchiveInOrganizer = "YES">
   </ArchiveAction>
</Scheme>
