// !$*UTF8*$!
{
	archiveVersion = 1;
	classes = {
	};
	objectVersion = 46;
	objects = {

/* Begin PBXBuildFile section */
		8D5B49B0048680CD000E48DA /* InfoPlist.strings in Resources */ = {isa = PBXBuildFile; fileRef = 089C167DFE841241C02AAC07 /* InfoPlist.strings */; };
		8D5B49B4048680CD000E48DA /* Cocoa.framework in Frameworks */ = {isa = PBXBuildFile; fileRef = 1058C7ADFEA557BF11CA2CBB /* Cocoa.framework */; };
		E24FB04A10FB97800081C559 /* STLImport.m in Sources */ = {isa = PBXBuildFile; fileRef = E24FB04910FB97800081C559 /* STLImport.m */; };
		E24FB39A10FC16C10081C559 /* STLImportSettingsGUI.xib in Resources */ = {isa = PBXBuildFile; fileRef = E24FB39910FC16C10081C559 /* STLImportSettingsGUI.xib */; };
		E24FB5A610FCA2310081C559 /* OpenCL.framework in Frameworks */ = {isa = PBXBuildFile; fileRef = E24FB5A510FCA2310081C559 /* OpenCL.framework */; };
		E27435D8138FDD270062643A /* P3DCore.framework in Frameworks */ = {isa = PBXBuildFile; fileRef = E27435D7138FDD270062643A /* P3DCore.framework */; };
		E292E75C10FCE91D000432D2 /* STLImport.icns in Resources */ = {isa = PBXBuildFile; fileRef = E292E75B10FCE91D000432D2 /* STLImport.icns */; };
		E2D3ED6B10FD4A7B002DC1D8 /* Import.png in Resources */ = {isa = PBXBuildFile; fileRef = E2D3ED6A10FD4A7B002DC1D8 /* Import.png */; };
		E2D3ED7010FD4B65002DC1D8 /* STLEdgeIndexer.m in Sources */ = {isa = PBXBuildFile; fileRef = E2D3ED6E10FD4B65002DC1D8 /* STLEdgeIndexer.m */; };
		E2D3ED7110FD4B65002DC1D8 /* edgeMatch.cl in Sources */ = {isa = PBXBuildFile; fileRef = E2D3ED6F10FD4B65002DC1D8 /* edgeMatch.cl */; };
/* End PBXBuildFile section */

/* Begin PBXBuildRule section */
		E24FB5BA10FCA3980081C559 /* PBXBuildRule */ = {
			isa = PBXBuildRule;
			compilerSpec = com.apple.compilers.proxy.script;
			fileType = sourcecode.opencl;
			isEditable = 1;
			outputFiles = (
				"${DERIVED_FILES_DIR}/${INPUT_FILE_BASE}OpenCLSource.h",
			);
			script = "${BUILT_PRODUCTS_DIR}/P3DCore.framework/Resources/XCodeHelpers/preprocessOpenCL.pl ${INPUT_FILE_PATH}";
		};
/* End PBXBuildRule section */

/* Begin PBXFileReference section */
		089C1672FE841209C02AAC07 /* Foundation.framework */ = {isa = PBXFileReference; lastKnownFileType = wrapper.framework; name = Foundation.framework; path = /System/Library/Frameworks/Foundation.framework; sourceTree = "<absolute>"; };
		089C167EFE841241C02AAC07 /* English */ = {isa = PBXFileReference; fileEncoding = 4; lastKnownFileType = text.plist.strings; name = English; path = English.lproj/InfoPlist.strings; sourceTree = "<group>"; };
		089C167FFE841241C02AAC07 /* AppKit.framework */ = {isa = PBXFileReference; lastKnownFileType = wrapper.framework; name = AppKit.framework; path = /System/Library/Frameworks/AppKit.framework; sourceTree = "<absolute>"; };
		1058C7ADFEA557BF11CA2CBB /* Cocoa.framework */ = {isa = PBXFileReference; lastKnownFileType = wrapper.framework; name = Cocoa.framework; path = /System/Library/Frameworks/Cocoa.framework; sourceTree = "<absolute>"; };
		8D5B49B6048680CD000E48DA /* STLImport.bundle */ = {isa = PBXFileReference; explicitFileType = wrapper.cfbundle; includeInIndex = 0; path = STLImport.bundle; sourceTree = BUILT_PRODUCTS_DIR; };
		8D5B49B7048680CD000E48DA /* Info.plist */ = {isa = PBXFileReference; fileEncoding = 4; lastKnownFileType = text.plist.xml; path = Info.plist; sourceTree = "<group>"; };
		D2F7E65807B2D6F200F64583 /* CoreData.framework */ = {isa = PBXFileReference; lastKnownFileType = wrapper.framework; name = CoreData.framework; path = /System/Library/Frameworks/CoreData.framework; sourceTree = "<absolute>"; };
		E24FB04810FB97800081C559 /* STLImport.h */ = {isa = PBXFileReference; fileEncoding = 4; lastKnownFileType = sourcecode.c.h; path = STLImport.h; sourceTree = "<group>"; };
		E24FB04910FB97800081C559 /* STLImport.m */ = {isa = PBXFileReference; fileEncoding = 4; lastKnownFileType = sourcecode.c.objc; path = STLImport.m; sourceTree = "<group>"; };
		E24FB39910FC16C10081C559 /* STLImportSettingsGUI.xib */ = {isa = PBXFileReference; lastKnownFileType = file.xib; path = STLImportSettingsGUI.xib; sourceTree = "<group>"; };
		E24FB5A510FCA2310081C559 /* OpenCL.framework */ = {isa = PBXFileReference; lastKnownFileType = wrapper.framework; name = OpenCL.framework; path = System/Library/Frameworks/OpenCL.framework; sourceTree = SDKROOT; };
		E27435D7138FDD270062643A /* P3DCore.framework */ = {isa = PBXFileReference; explicitFileType = wrapper.framework; path = P3DCore.framework; sourceTree = BUILT_PRODUCTS_DIR; };
		E292E75B10FCE91D000432D2 /* STLImport.icns */ = {isa = PBXFileReference; lastKnownFileType = image.icns; path = STLImport.icns; sourceTree = "<group>"; };
		E2A2689F10FCC8ED00D00154 /* STLImport_Prefix.pch */ = {isa = PBXFileReference; fileEncoding = 4; lastKnownFileType = sourcecode.c.h; path = STLImport_Prefix.pch; sourceTree = "<group>"; };
		E2D3ED6A10FD4A7B002DC1D8 /* Import.png */ = {isa = PBXFileReference; lastKnownFileType = image.png; path = Import.png; sourceTree = "<group>"; };
		E2D3ED6D10FD4B65002DC1D8 /* STLEdgeIndexer.h */ = {isa = PBXFileReference; fileEncoding = 4; lastKnownFileType = sourcecode.c.h; path = STLEdgeIndexer.h; sourceTree = "<group>"; };
		E2D3ED6E10FD4B65002DC1D8 /* STLEdgeIndexer.m */ = {isa = PBXFileReference; fileEncoding = 4; lastKnownFileType = sourcecode.c.objc; path = STLEdgeIndexer.m; sourceTree = "<group>"; };
		E2D3ED6F10FD4B65002DC1D8 /* edgeMatch.cl */ = {isa = PBXFileReference; fileEncoding = 4; lastKnownFileType = sourcecode.opencl; path = edgeMatch.cl; sourceTree = "<group>"; };
/* End PBXFileReference section */

/* Begin PBXFrameworksBuildPhase section */
		8D5B49B3048680CD000E48DA /* Frameworks */ = {
			isa = PBXFrameworksBuildPhase;
			buildActionMask = 2147483647;
			files = (
				E27435D8138FDD270062643A /* P3DCore.framework in Frameworks */,
				8D5B49B4048680CD000E48DA /* Cocoa.framework in Frameworks */,
				E24FB5A610FCA2310081C559 /* OpenCL.framework in Frameworks */,
			);
			runOnlyForDeploymentPostprocessing = 0;
		};
/* End PBXFrameworksBuildPhase section */

/* Begin PBXGroup section */
		089C166AFE841209C02AAC07 /* STLImport */ = {
			isa = PBXGroup;
			children = (
				08FB77AFFE84173DC02AAC07 /* Classes */,
				32C88E010371C26100C91783 /* Other Sources */,
				089C167CFE841241C02AAC07 /* Resources */,
				089C1671FE841209C02AAC07 /* Frameworks and Libraries */,
				19C28FB8FE9D52D311CA2CBB /* Products */,
			);
			name = STLImport;
			sourceTree = "<group>";
		};
		089C1671FE841209C02AAC07 /* Frameworks and Libraries */ = {
			isa = PBXGroup;
			children = (
				E27435D7138FDD270062643A /* P3DCore.framework */,
				1058C7ACFEA557BF11CA2CBB /* Linked Frameworks */,
				1058C7AEFEA557BF11CA2CBB /* Other Frameworks */,
			);
			name = "Frameworks and Libraries";
			sourceTree = "<group>";
		};
		089C167CFE841241C02AAC07 /* Resources */ = {
			isa = PBXGroup;
			children = (
				E2D3ED6A10FD4A7B002DC1D8 /* Import.png */,
				E292E75B10FCE91D000432D2 /* STLImport.icns */,
				E24FB39910FC16C10081C559 /* STLImportSettingsGUI.xib */,
				8D5B49B7048680CD000E48DA /* Info.plist */,
				089C167DFE841241C02AAC07 /* InfoPlist.strings */,
			);
			name = Resources;
			sourceTree = "<group>";
		};
		08FB77AFFE84173DC02AAC07 /* Classes */ = {
			isa = PBXGroup;
			children = (
				E24FB04810FB97800081C559 /* STLImport.h */,
				E24FB04910FB97800081C559 /* STLImport.m */,
				E2D3ED6D10FD4B65002DC1D8 /* STLEdgeIndexer.h */,
				E2D3ED6E10FD4B65002DC1D8 /* STLEdgeIndexer.m */,
				E2D3ED6F10FD4B65002DC1D8 /* edgeMatch.cl */,
			);
			name = Classes;
			sourceTree = "<group>";
		};
		1058C7ACFEA557BF11CA2CBB /* Linked Frameworks */ = {
			isa = PBXGroup;
			children = (
				1058C7ADFEA557BF11CA2CBB /* Cocoa.framework */,
				E24FB5A510FCA2310081C559 /* OpenCL.framework */,
			);
			name = "Linked Frameworks";
			sourceTree = "<group>";
		};
		1058C7AEFEA557BF11CA2CBB /* Other Frameworks */ = {
			isa = PBXGroup;
			children = (
				089C167FFE841241C02AAC07 /* AppKit.framework */,
				D2F7E65807B2D6F200F64583 /* CoreData.framework */,
				089C1672FE841209C02AAC07 /* Foundation.framework */,
			);
			name = "Other Frameworks";
			sourceTree = "<group>";
		};
		19C28FB8FE9D52D311CA2CBB /* Products */ = {
			isa = PBXGroup;
			children = (
				8D5B49B6048680CD000E48DA /* STLImport.bundle */,
			);
			name = Products;
			sourceTree = "<group>";
		};
		32C88E010371C26100C91783 /* Other Sources */ = {
			isa = PBXGroup;
			children = (
				E2A2689F10FCC8ED00D00154 /* STLImport_Prefix.pch */,
			);
			name = "Other Sources";
			sourceTree = "<group>";
		};
/* End PBXGroup section */

/* Begin PBXNativeTarget section */
		8D5B49AC048680CD000E48DA /* STLImport */ = {
			isa = PBXNativeTarget;
			buildConfigurationList = 1DEB913A08733D840010E9CD /* Build configuration list for PBXNativeTarget "STLImport" */;
			buildPhases = (
				8D5B49AF048680CD000E48DA /* Resources */,
				8D5B49B1048680CD000E48DA /* Sources */,
				8D5B49B3048680CD000E48DA /* Frameworks */,
			);
			buildRules = (
				E24FB5BA10FCA3980081C559 /* PBXBuildRule */,
			);
			dependencies = (
			);
			name = STLImport;
			productInstallPath = "$(HOME)/Library/Bundles";
			productName = STLImport;
			productReference = 8D5B49B6048680CD000E48DA /* STLImport.bundle */;
			productType = "com.apple.product-type.bundle";
		};
/* End PBXNativeTarget section */

/* Begin PBXProject section */
		089C1669FE841209C02AAC07 /* Project object */ = {
			isa = PBXProject;
			attributes = {
				LastUpgradeCheck = 0450;
				ORGANIZATIONNAME = "Pleasant Software";
			};
			buildConfigurationList = 1DEB913E08733D840010E9CD /* Build configuration list for PBXProject "STLImport" */;
			compatibilityVersion = "Xcode 3.2";
			developmentRegion = English;
			hasScannedForEncodings = 1;
			knownRegions = (
				English,
				Japanese,
				French,
				German,
			);
			mainGroup = 089C166AFE841209C02AAC07 /* STLImport */;
			projectDirPath = "";
			projectRoot = ../..;
			targets = (
				8D5B49AC048680CD000E48DA /* STLImport */,
			);
		};
/* End PBXProject section */

/* Begin PBXResourcesBuildPhase section */
		8D5B49AF048680CD000E48DA /* Resources */ = {
			isa = PBXResourcesBuildPhase;
			buildActionMask = 2147483647;
			files = (
				8D5B49B0048680CD000E48DA /* InfoPlist.strings in Resources */,
				E24FB39A10FC16C10081C559 /* STLImportSettingsGUI.xib in Resources */,
				E292E75C10FCE91D000432D2 /* STLImport.icns in Resources */,
				E2D3ED6B10FD4A7B002DC1D8 /* Import.png in Resources */,
			);
			runOnlyForDeploymentPostprocessing = 0;
		};
/* End PBXResourcesBuildPhase section */

/* Begin PBXSourcesBuildPhase section */
		8D5B49B1048680CD000E48DA /* Sources */ = {
			isa = PBXSourcesBuildPhase;
			buildActionMask = 2147483647;
			files = (
				E24FB04A10FB97800081C559 /* STLImport.m in Sources */,
				E2D3ED7010FD4B65002DC1D8 /* STLEdgeIndexer.m in Sources */,
				E2D3ED7110FD4B65002DC1D8 /* edgeMatch.cl in Sources */,
			);
			runOnlyForDeploymentPostprocessing = 0;
		};
/* End PBXSourcesBuildPhase section */

/* Begin PBXVariantGroup section */
		089C167DFE841241C02AAC07 /* InfoPlist.strings */ = {
			isa = PBXVariantGroup;
			children = (
				089C167EFE841241C02AAC07 /* English */,
			);
			name = InfoPlist.strings;
			sourceTree = "<group>";
		};
/* End PBXVariantGroup section */

/* Begin XCBuildConfiguration section */
		1DEB913B08733D840010E9CD /* Debug */ = {
			isa = XCBuildConfiguration;
			buildSettings = {
				ALWAYS_SEARCH_USER_PATHS = NO;
				COMBINE_HIDPI_IMAGES = YES;
				COPY_PHASE_STRIP = NO;
				GCC_DYNAMIC_NO_PIC = NO;
				GCC_MODEL_TUNING = G5;
				GCC_OPTIMIZATION_LEVEL = 0;
				GCC_PRECOMPILE_PREFIX_HEADER = YES;
				GCC_PREFIX_HEADER = STLImport_Prefix.pch;
				INFOPLIST_FILE = Info.plist;
				INSTALL_PATH = "";
				PRODUCT_NAME = STLImport;
				WRAPPER_EXTENSION = bundle;
			};
			name = Debug;
		};
		1DEB913C08733D840010E9CD /* Release */ = {
			isa = XCBuildConfiguration;
			buildSettings = {
				ALWAYS_SEARCH_USER_PATHS = NO;
				CODE_SIGN_IDENTITY = "Mac Developer";
				COMBINE_HIDPI_IMAGES = YES;
				DEBUG_INFORMATION_FORMAT = "dwarf-with-dsym";
				GCC_MODEL_TUNING = G5;
				GCC_PRECOMPILE_PREFIX_HEADER = YES;
				GCC_PREFIX_HEADER = STLImport_Prefix.pch;
				INFOPLIST_FILE = Info.plist;
				INSTALL_PATH = "";
				PRODUCT_NAME = STLImport;
				PROVISIONING_PROFILE = "";
				WRAPPER_EXTENSION = bundle;
			};
			name = Release;
		};
		1DEB913F08733D840010E9CD /* Debug */ = {
			isa = XCBuildConfiguration;
			buildSettings = {
				ARCHS = "$(ARCHS_STANDARD_32_64_BIT)";
				COPY_PHASE_STRIP = NO;
				GCC_C_LANGUAGE_STANDARD = gnu99;
				GCC_ENABLE_OBJC_GC = required;
				GCC_OPTIMIZATION_LEVEL = 0;
				GCC_PREPROCESSOR_DEFINITIONS = __DEBUG__;
				GCC_WARN_ABOUT_RETURN_TYPE = YES;
				GCC_WARN_UNUSED_VARIABLE = YES;
				MACOSX_DEPLOYMENT_TARGET = 10.6;
				ONLY_ACTIVE_ARCH = YES;
				SDKROOT = macosx;
				VALID_ARCHS = "i386 x86_64";
			};
			name = Debug;
		};
		1DEB914008733D840010E9CD /* Release */ = {
			isa = XCBuildConfiguration;
			buildSettings = {
				ARCHS = "$(ARCHS_STANDARD_32_64_BIT)";
				COPY_PHASE_STRIP = NO;
				GCC_C_LANGUAGE_STANDARD = gnu99;
				GCC_ENABLE_OBJC_GC = required;
				GCC_WARN_ABOUT_RETURN_TYPE = YES;
				GCC_WARN_UNUSED_VARIABLE = YES;
				MACOSX_DEPLOYMENT_TARGET = 10.6;
				RUN_CLANG_STATIC_ANALYZER = YES;
				SDKROOT = macosx;
				VALID_ARCHS = "i386 x86_64";
			};
			name = Release;
		};
/* End XCBuildConfiguration section */

/* Begin XCConfigurationList section */
		1DEB913A08733D840010E9CD /* Build configuration list for PBXNativeTarget "STLImport" */ = {
			isa = XCConfigurationList;
			buildConfigurations = (
				1DEB913B08733D840010E9CD /* Debug */,
				1DEB913C08733D840010E9CD /* Release */,
			);
			defaultConfigurationIsVisible = 0;
			defaultConfigurationName = Release;
		};
		1DEB913E08733D840010E9CD /* Build configuration list for PBXProject "STLImport" */ = {
			isa = XCConfigurationList;
			buildConfigurations = (
				1DEB913F08733D840010E9CD /* Debug */,
				1DEB914008733D840010E9CD /* Release */,
			);
			defaultConfigurationIsVisible = 0;
			defaultConfigurationName = Debug;
		};
/* End XCConfigurationList section */
	};
	rootObject = 089C1669FE841209C02AAC07 /* Project object */;
}
